{
  "name": "aws-profile-auth-cli",
  "version": "1.0.0",
  "lockfileVersion": 3,
  "requires": true,
  "packages": {
    "": {
      "name": "aws-profile-auth-cli",
      "version": "1.0.0",
      "license": "MIT",
      "bin": {
        "awslogin": "bin/awslogin.js"
      },
      "engines": {
        "node": ">=14.0.0"
      }
    }
  }
}
