{
  "name": "@proofxme/awslogin",
  "version": "3.0.2",
  "lockfileVersion": 3,
  "requires": true,
  "packages": {
    "": {
      "name": "@proofxme/awslogin",
      "version": "3.0.2",
      "license": "MIT",
      "bin": {
        "awslogin": "bin/awslogin.js"
      },
      "engines": {
        "node": ">=14.0.0"
      }
    }
  }
}
